
Microsoft Visual Studio Solution File, Format Version 12.00
# Visual Studio Version 17
VisualStudioVersion = 17.2.32519.379
MinimumVisualStudioVersion = 10.0.40219.1
Project("{FAE04EC0-301F-11D3-BF4B-00C04F79EFBC}") = "Ebooker", "Ebooker\Ebooker.csproj", "{701657F1-D4AA-42E9-9865-607D3BA77919}"
EndProject
Global
	GlobalSection(SolutionConfigurationPlatforms) = preSolution
		Debug|Any CPU = Debug|Any CPU
		Release|Any CPU = Release|Any CPU
	EndGlobalSection
	GlobalSection(ProjectConfigurationPlatforms) = postSolution
		{701657F1-D4AA-42E9-9865-607D3BA77919}.Debug|Any CPU.ActiveCfg = Debug|Any CPU
		{701657F1-D4AA-42E9-9865-607D3BA77919}.Debug|Any CPU.Build.0 = Debug|Any CPU
		{701657F1-D4AA-42E9-9865-607D3BA77919}.Release|Any CPU.ActiveCfg = Release|Any CPU
		{701657F1-D4AA-42E9-9865-607D3BA77919}.Release|Any CPU.Build.0 = Release|Any CPU
	EndGlobalSection
	GlobalSection(SolutionProperties) = preSolution
		HideSolutionNode = FALSE
	EndGlobalSection
	GlobalSection(ExtensibilityGlobals) = postSolution
		SolutionGuid = {72EADC45-8B0F-442B-82FE-89E356091C82}
	EndGlobalSection
EndGlobal
